{
  "requires": true,
  "lockfileVersion": 1,
  "dependencies": {
    "@types/cash": {
      "version": "0.0.1",
      "resolved": "https://registry.npmjs.org/@types/cash/-/cash-0.0.1.tgz",
      "integrity": "sha1-VYifNG49tqy4y5xkzDWAzx1tvxo="
    },
    "@types/jquery": {
      "version": "3.3.4",
      "resolved": "https://registry.npmjs.org/@types/jquery/-/jquery-3.3.4.tgz",
      "integrity": "sha512-KqgLNDh8oTl43/2B78S7tjwPnOxPtP9wQsLptbuQCmMwqH5QuPZOk36RsNgbs3mnq/3SCyG1l/GJmhKk5Dg68g=="
    },
    "@types/materialize-css": {
      "version": "1.0.3",
      "resolved": "https://registry.npmjs.org/@types/materialize-css/-/materialize-css-1.0.3.tgz",
      "integrity": "sha512-H4+HkuqhZ3nbvuavJTcFcuTwF2tmwNR/f3TDmml9RAS8jNdmogiq5m89RR7BgOULz1z36xDdvfTLl7mDSIJwzA==",
      "requires": {
        "@types/cash": "*",
        "@types/jquery": "*"
      }
    }
  }
}
