{
  "requires": true,
  "lockfileVersion": 1,
  "dependencies": {
    "@types/cash": {
      "version": "0.0.1",
      "resolved": "https://registry.npmjs.org/@types/cash/-/cash-0.0.1.tgz",
      "integrity": "sha1-VYifNG49tqy4y5xkzDWAzx1tvxo="
    },
    "@types/chart.js": {
      "version": "2.7.26",
      "resolved": "https://registry.npmjs.org/@types/chart.js/-/chart.js-2.7.26.tgz",
      "integrity": "sha512-Na92ItGw28VHgeAqMpsOxw0JNrg/0fIrw0hEboiOKWw2tKKeQ0HvWJD5WZnmE0su+rt0uxXM+C0NFg8FuvVm+A=="
    },
    "@types/jquery": {
      "version": "3.3.4",
      "resolved": "https://registry.npmjs.org/@types/jquery/-/jquery-3.3.4.tgz",
      "integrity": "sha512-KqgLNDh8oTl43/2B78S7tjwPnOxPtP9wQsLptbuQCmMwqH5QuPZOk36RsNgbs3mnq/3SCyG1l/GJmhKk5Dg68g=="
    },
    "@types/materialize-css": {
      "version": "1.0.3",
      "resolved": "https://registry.npmjs.org/@types/materialize-css/-/materialize-css-1.0.3.tgz",
      "integrity": "sha512-H4+HkuqhZ3nbvuavJTcFcuTwF2tmwNR/f3TDmml9RAS8jNdmogiq5m89RR7BgOULz1z36xDdvfTLl7mDSIJwzA==",
      "requires": {
        "@types/cash": "*",
        "@types/jquery": "*"
      }
    },
    "@types/pickadate": {
      "version": "3.5.31",
      "resolved": "https://registry.npmjs.org/@types/pickadate/-/pickadate-3.5.31.tgz",
      "integrity": "sha512-DT3aPvNJ09Lw05RU/eNgFBHtHmslRbHUb8YKNqQm8jHPc0aP2de/fzzdRGFHL0eQRZP43KbqdO5KBHinS6Kbgw==",
      "requires": {
        "@types/jquery": "*"
      }
    },
    "@types/sigmajs": {
      "version": "1.0.27",
      "resolved": "https://registry.npmjs.org/@types/sigmajs/-/sigmajs-1.0.27.tgz",
      "integrity": "sha1-NoA1/IS58pVNqTLuaMrG50tEd6w="
    }
  }
}
